
Microsoft Visual Studio Solution File, Format Version 12.00
# Visual Studio 15
VisualStudioVersion = 15.0.27428.2037
MinimumVisualStudioVersion = 10.0.40219.1
Project("{FAE04EC0-301F-11D3-BF4B-00C04F79EFBC}") = "TestWebDotNetFramework", "TestWebDotNetFramework\TestWebDotNetFramework.csproj", "{C0BD6648-172A-43B7-A04C-BAF2DAB7F832}"
EndProject
Global
	GlobalSection(SolutionConfigurationPlatforms) = preSolution
		Debug|Any CPU = Debug|Any CPU
		Release|Any CPU = Release|Any CPU
	EndGlobalSection
	GlobalSection(ProjectConfigurationPlatforms) = postSolution
		{C0BD6648-172A-43B7-A04C-BAF2DAB7F832}.Debug|Any CPU.ActiveCfg = Debug|Any CPU
		{C0BD6648-172A-43B7-A04C-BAF2DAB7F832}.Debug|Any CPU.Build.0 = Debug|Any CPU
		{C0BD6648-172A-43B7-A04C-BAF2DAB7F832}.Release|Any CPU.ActiveCfg = Release|Any CPU
		{C0BD6648-172A-43B7-A04C-BAF2DAB7F832}.Release|Any CPU.Build.0 = Release|Any CPU
	EndGlobalSection
	GlobalSection(SolutionProperties) = preSolution
		HideSolutionNode = FALSE
	EndGlobalSection
	GlobalSection(ExtensibilityGlobals) = postSolution
		SolutionGuid = {0EEA0BCC-3B80-4990-94F7-5C1FB058ECE6}
	EndGlobalSection
EndGlobal
